
Microsoft Visual Studio Solution File, Format Version 12.00
# Visual Studio Version 17
VisualStudioVersion = 17.2.32630.192
MinimumVisualStudioVersion = 10.0.40219.1
Project("{FAE04EC0-301F-11D3-BF4B-00C04F79EFBC}") = "Linecomparision2", "Linecomparision2.csproj", "{EC1DE552-DF15-42D4-8C61-515E7552BD79}"
EndProject
Global
	GlobalSection(SolutionConfigurationPlatforms) = preSolution
		Debug|Any CPU = Debug|Any CPU
		Release|Any CPU = Release|Any CPU
	EndGlobalSection
	GlobalSection(ProjectConfigurationPlatforms) = postSolution
		{EC1DE552-DF15-42D4-8C61-515E7552BD79}.Debug|Any CPU.ActiveCfg = Debug|Any CPU
		{EC1DE552-DF15-42D4-8C61-515E7552BD79}.Debug|Any CPU.Build.0 = Debug|Any CPU
		{EC1DE552-DF15-42D4-8C61-515E7552BD79}.Release|Any CPU.ActiveCfg = Release|Any CPU
		{EC1DE552-DF15-42D4-8C61-515E7552BD79}.Release|Any CPU.Build.0 = Release|Any CPU
	EndGlobalSection
	GlobalSection(SolutionProperties) = preSolution
		HideSolutionNode = FALSE
	EndGlobalSection
	GlobalSection(ExtensibilityGlobals) = postSolution
		SolutionGuid = {430D3C52-FB18-4C84-83A8-2A8EFB456301}
	EndGlobalSection
EndGlobal
